
Microsoft Visual Studio Solution File, Format Version 11.00
# Visual Studio 2010
Project("{FAE04EC0-301F-11D3-BF4B-00C04F79EFBC}") = "Git Unity", "Assembly-CSharp-firstpass.csproj", "{0AFEF038-7289-7775-8791-E9F2B405EA2F}"
EndProject
Project("{FAE04EC0-301F-11D3-BF4B-00C04F79EFBC}") = "Git Unity", "Assembly-CSharp.csproj", "{82132DE5-633A-3D7C-D13C-EBFF9CD13941}"
EndProject
Project("{FAE04EC0-301F-11D3-BF4B-00C04F79EFBC}") = "Git Unity", "Assembly-CSharp-Editor-firstpass.csproj", "{5434BBC3-0F48-FE14-E0D4-4307C5866C1B}"
EndProject
Project("{FAE04EC0-301F-11D3-BF4B-00C04F79EFBC}") = "Git Unity", "Assembly-CSharp-Editor.csproj", "{5263B0F6-50CC-BDB4-1C11-516ACE5783EE}"
EndProject
Global
	GlobalSection(SolutionConfigurationPlatforms) = preSolution
		Debug|Any CPU = Debug|Any CPU
		Release|Any CPU = Release|Any CPU
	EndGlobalSection
	GlobalSection(ProjectConfigurationPlatforms) = postSolution
		{0AFEF038-7289-7775-8791-E9F2B405EA2F}.Debug|Any CPU.ActiveCfg = Debug|Any CPU
		{0AFEF038-7289-7775-8791-E9F2B405EA2F}.Debug|Any CPU.Build.0 = Debug|Any CPU
		{0AFEF038-7289-7775-8791-E9F2B405EA2F}.Release|Any CPU.ActiveCfg = Release|Any CPU
		{0AFEF038-7289-7775-8791-E9F2B405EA2F}.Release|Any CPU.Build.0 = Release|Any CPU
		{82132DE5-633A-3D7C-D13C-EBFF9CD13941}.Debug|Any CPU.ActiveCfg = Debug|Any CPU
		{82132DE5-633A-3D7C-D13C-EBFF9CD13941}.Debug|Any CPU.Build.0 = Debug|Any CPU
		{82132DE5-633A-3D7C-D13C-EBFF9CD13941}.Release|Any CPU.ActiveCfg = Release|Any CPU
		{82132DE5-633A-3D7C-D13C-EBFF9CD13941}.Release|Any CPU.Build.0 = Release|Any CPU
		{5434BBC3-0F48-FE14-E0D4-4307C5866C1B}.Debug|Any CPU.ActiveCfg = Debug|Any CPU
		{5434BBC3-0F48-FE14-E0D4-4307C5866C1B}.Debug|Any CPU.Build.0 = Debug|Any CPU
		{5434BBC3-0F48-FE14-E0D4-4307C5866C1B}.Release|Any CPU.ActiveCfg = Release|Any CPU
		{5434BBC3-0F48-FE14-E0D4-4307C5866C1B}.Release|Any CPU.Build.0 = Release|Any CPU
		{5263B0F6-50CC-BDB4-1C11-516ACE5783EE}.Debug|Any CPU.ActiveCfg = Debug|Any CPU
		{5263B0F6-50CC-BDB4-1C11-516ACE5783EE}.Debug|Any CPU.Build.0 = Debug|Any CPU
		{5263B0F6-50CC-BDB4-1C11-516ACE5783EE}.Release|Any CPU.ActiveCfg = Release|Any CPU
		{5263B0F6-50CC-BDB4-1C11-516ACE5783EE}.Release|Any CPU.Build.0 = Release|Any CPU
	EndGlobalSection
	GlobalSection(SolutionProperties) = preSolution
		HideSolutionNode = FALSE
	EndGlobalSection
	GlobalSection(MonoDevelopProperties) = preSolution
		StartupItem = Assembly-CSharp.csproj
	EndGlobalSection
EndGlobal
