
Microsoft Visual Studio Solution File, Format Version 11.00
# Visual Studio 2010
Project("{FAE04EC0-301F-11D3-BF4B-00C04F79EFBC}") = "Zeuss 1.0", "Assembly-CSharp-firstpass.csproj", "{0D381E8D-550C-D86D-9FA2-D056C38ED78F}"
EndProject
Project("{FAE04EC0-301F-11D3-BF4B-00C04F79EFBC}") = "Zeuss 1.0", "Assembly-CSharp.csproj", "{B70E04A5-4DE3-CB24-8659-0989D4C0F58F}"
EndProject
Project("{FAE04EC0-301F-11D3-BF4B-00C04F79EFBC}") = "Zeuss 1.0", "Assembly-CSharp-Editor-firstpass.csproj", "{A0D9F870-C432-02C3-53A6-8C862C2C313D}"
EndProject
Global
	GlobalSection(SolutionConfigurationPlatforms) = preSolution
		Debug|Any CPU = Debug|Any CPU
		Release|Any CPU = Release|Any CPU
	EndGlobalSection
	GlobalSection(ProjectConfigurationPlatforms) = postSolution
		{0D381E8D-550C-D86D-9FA2-D056C38ED78F}.Debug|Any CPU.ActiveCfg = Debug|Any CPU
		{0D381E8D-550C-D86D-9FA2-D056C38ED78F}.Debug|Any CPU.Build.0 = Debug|Any CPU
		{0D381E8D-550C-D86D-9FA2-D056C38ED78F}.Release|Any CPU.ActiveCfg = Release|Any CPU
		{0D381E8D-550C-D86D-9FA2-D056C38ED78F}.Release|Any CPU.Build.0 = Release|Any CPU
		{B70E04A5-4DE3-CB24-8659-0989D4C0F58F}.Debug|Any CPU.ActiveCfg = Debug|Any CPU
		{B70E04A5-4DE3-CB24-8659-0989D4C0F58F}.Debug|Any CPU.Build.0 = Debug|Any CPU
		{B70E04A5-4DE3-CB24-8659-0989D4C0F58F}.Release|Any CPU.ActiveCfg = Release|Any CPU
		{B70E04A5-4DE3-CB24-8659-0989D4C0F58F}.Release|Any CPU.Build.0 = Release|Any CPU
		{A0D9F870-C432-02C3-53A6-8C862C2C313D}.Debug|Any CPU.ActiveCfg = Debug|Any CPU
		{A0D9F870-C432-02C3-53A6-8C862C2C313D}.Debug|Any CPU.Build.0 = Debug|Any CPU
		{A0D9F870-C432-02C3-53A6-8C862C2C313D}.Release|Any CPU.ActiveCfg = Release|Any CPU
		{A0D9F870-C432-02C3-53A6-8C862C2C313D}.Release|Any CPU.Build.0 = Release|Any CPU
	EndGlobalSection
	GlobalSection(SolutionProperties) = preSolution
		HideSolutionNode = FALSE
	EndGlobalSection
	GlobalSection(MonoDevelopProperties) = preSolution
		StartupItem = Assembly-CSharp.csproj
	EndGlobalSection
EndGlobal
