
Microsoft Visual Studio Solution File, Format Version 12.00
# Visual Studio 2017
Project("{FAE04EC0-301F-11D3-BF4B-00C04F79EFBC}") = "Zeuss-Estudiante", "Zeuss-Estudiante.csproj", "{E2D9C0EF-A168-2073-04E9-11570679433A}"
EndProject
Project("{FAE04EC0-301F-11D3-BF4B-00C04F79EFBC}") = "Zeuss-Estudiante.Plugins", "Zeuss-Estudiante.Plugins.csproj", "{BF0974FC-5F63-79D4-96D4-CA759FAED8D3}"
EndProject
Project("{FAE04EC0-301F-11D3-BF4B-00C04F79EFBC}") = "Zeuss-Estudiante.Editor.Plugins", "Zeuss-Estudiante.Editor.Plugins.csproj", "{003E4AD3-E93C-91D4-9793-BD07E736F4D3}"
EndProject
Project("{FAE04EC0-301F-11D3-BF4B-00C04F79EFBC}") = "Zeuss-Estudiante.Editor", "Zeuss-Estudiante.Editor.csproj", "{DF1BA4AC-BB66-6635-C5EB-C5063D78B2A7}"
EndProject
Global
	GlobalSection(SolutionConfigurationPlatforms) = preSolution
		Debug|Any CPU = Debug|Any CPU
		Release|Any CPU = Release|Any CPU
	EndGlobalSection
	GlobalSection(ProjectConfigurationPlatforms) = postSolution
		{E2D9C0EF-A168-2073-04E9-11570679433A}.Debug|Any CPU.ActiveCfg = Debug|Any CPU
		{E2D9C0EF-A168-2073-04E9-11570679433A}.Debug|Any CPU.Build.0 = Debug|Any CPU
		{E2D9C0EF-A168-2073-04E9-11570679433A}.Release|Any CPU.ActiveCfg = Release|Any CPU
		{E2D9C0EF-A168-2073-04E9-11570679433A}.Release|Any CPU.Build.0 = Release|Any CPU
		{BF0974FC-5F63-79D4-96D4-CA759FAED8D3}.Debug|Any CPU.ActiveCfg = Debug|Any CPU
		{BF0974FC-5F63-79D4-96D4-CA759FAED8D3}.Debug|Any CPU.Build.0 = Debug|Any CPU
		{BF0974FC-5F63-79D4-96D4-CA759FAED8D3}.Release|Any CPU.ActiveCfg = Release|Any CPU
		{BF0974FC-5F63-79D4-96D4-CA759FAED8D3}.Release|Any CPU.Build.0 = Release|Any CPU
		{003E4AD3-E93C-91D4-9793-BD07E736F4D3}.Debug|Any CPU.ActiveCfg = Debug|Any CPU
		{003E4AD3-E93C-91D4-9793-BD07E736F4D3}.Debug|Any CPU.Build.0 = Debug|Any CPU
		{003E4AD3-E93C-91D4-9793-BD07E736F4D3}.Release|Any CPU.ActiveCfg = Release|Any CPU
		{003E4AD3-E93C-91D4-9793-BD07E736F4D3}.Release|Any CPU.Build.0 = Release|Any CPU
		{DF1BA4AC-BB66-6635-C5EB-C5063D78B2A7}.Debug|Any CPU.ActiveCfg = Debug|Any CPU
		{DF1BA4AC-BB66-6635-C5EB-C5063D78B2A7}.Debug|Any CPU.Build.0 = Debug|Any CPU
		{DF1BA4AC-BB66-6635-C5EB-C5063D78B2A7}.Release|Any CPU.ActiveCfg = Release|Any CPU
		{DF1BA4AC-BB66-6635-C5EB-C5063D78B2A7}.Release|Any CPU.Build.0 = Release|Any CPU
	EndGlobalSection
	GlobalSection(SolutionProperties) = preSolution
		HideSolutionNode = FALSE
	EndGlobalSection
EndGlobal
